# THIS IS AN AUTOGENERATED FILE. DO NOT EDIT THIS FILE DIRECTLY.
# yarn lockfile v1


"@rails/actioncable@^6.1.5":
  version "6.1.5"
  resolved "https://registry.yarnpkg.com/@rails/actioncable/-/actioncable-6.1.5.tgz#c24ec8123a8e7e239ceabda29078df9c93752394"
  integrity sha512-bV4/Q7NweGFm7t3GvUFm19UF2WKmcvlOXy7AxMWEZCwDxQLagAXhUpKb1AJ6Rg88cPHqXSQHaGKr84lIMd607A==

"@rails/activestorage@^6.1.5":
  version "6.1.5"
  resolved "https://registry.yarnpkg.com/@rails/activestorage/-/activestorage-6.1.5.tgz#a43929573b2ffae54857ffa3b7ac1988af42b681"
  integrity sha512-7L0eWqrguZIyvfPOpVoZRChuIgxbpBdwdVtprT6wrl5rUAbdyHr6AZczl1yS+5d6nBV0TqpVLaB1sGxi2aMbCQ==
  dependencies:
    spark-md5 "^3.0.0"

"@rails/ujs@^6.1.5":
  version "6.1.5"
  resolved "https://registry.yarnpkg.com/@rails/ujs/-/ujs-6.1.5.tgz#bb1afddd0d771f00924f44b21634969e329532e1"
  integrity sha512-Ir4yd2fdDldWIghavPr874copVKf6OOoecKHZiFRlPtm38tFvhyxr+ywzNieXGwolF9JQe3D5GrM8ejkzUgh5Q==

bootstrap@^4.6.1:
  version "4.6.1"
  resolved "https://registry.yarnpkg.com/bootstrap/-/bootstrap-4.6.1.tgz#bc25380c2c14192374e8dec07cf01b2742d222a2"
  integrity sha512-0dj+VgI9Ecom+rvvpNZ4MUZJz8dcX7WCX+eTID9+/8HgOkv3dsRzi8BGeZJCQU6flWQVYxwTQnEZFrmJSEO7og==

chart.js@>=3.0.2:
  version "3.2.0"
  resolved "https://registry.yarnpkg.com/chart.js/-/chart.js-3.2.0.tgz#3d0a4b62b6bee428f8547db6aa68c792b130c260"
  integrity sha512-Ml3R47TvOPW6gQ6T8mg/uPvyOASPpPVVF6xb7ZyHkek1c6kJIT5ScT559afXoDf6uwtpDR2BpCommkA5KT8ODg==

chart.js@^3.7.1:
  version "3.7.1"
  resolved "https://registry.yarnpkg.com/chart.js/-/chart.js-3.7.1.tgz#0516f690c6a8680c6c707e31a4c1807a6f400ada"
  integrity sha512-8knRegQLFnPQAheZV8MjxIXc5gQEfDFD897BJgv/klO/vtIyFFmgMXrNfgrXpbTr/XbTturxRgxIXx/Y+ASJBA==

chartjs-adapter-date-fns@>=2.0.0:
  version "2.0.0"
  resolved "https://registry.yarnpkg.com/chartjs-adapter-date-fns/-/chartjs-adapter-date-fns-2.0.0.tgz#5e53b2f660b993698f936f509c86dddf9ed44c6b"
  integrity sha512-rmZINGLe+9IiiEB0kb57vH3UugAtYw33anRiw5kS2Tu87agpetDDoouquycWc9pRsKtQo5j+vLsYHyr8etAvFw==

chartkick@^4.1.1:
  version "4.1.1"
  resolved "https://registry.yarnpkg.com/chartkick/-/chartkick-4.1.1.tgz#60d6e13a090c5334bd80ad8fb7da02aaf38fb936"
  integrity sha512-+3+dIKZo8MzOiQFc4FZDZiRjDnrgVxgjk3tKXVclMcDF8yIJAEqSr5/l4pqpB2Rxye1s2Dg3j6bVA9eIeDbnCQ==
  optionalDependencies:
    chart.js ">=3.0.2"
    chartjs-adapter-date-fns ">=2.0.0"
    date-fns ">=2.0.0"

date-fns@>=2.0.0:
  version "2.21.1"
  resolved "https://registry.yarnpkg.com/date-fns/-/date-fns-2.21.1.tgz#679a4ccaa584c0706ea70b3fa92262ac3009d2b0"
  integrity sha512-m1WR0xGiC6j6jNFAyW4Nvh4WxAi4JF4w9jRJwSI8nBmNcyZXPcP9VUQG+6gHQXAmqaGEKDKhOqAtENDC941UkA==

jquery@^3.6.0:
  version "3.6.0"
  resolved "https://registry.yarnpkg.com/jquery/-/jquery-3.6.0.tgz#c72a09f15c1bdce142f49dbf1170bdf8adac2470"
  integrity sha512-JVzAR/AjBvVt2BmYhxRCSYysDsPcssdmTFnzyLEts9qNwmjmu4JTAMYubEfwVOSwpQ1I1sKKFcxhZCI2buerfw==

popper.js@^1.16.1:
  version "1.16.1"
  resolved "https://registry.yarnpkg.com/popper.js/-/popper.js-1.16.1.tgz#2a223cb3dc7b6213d740e40372be40de43e65b1b"
  integrity sha512-Wb4p1J4zyFTbM+u6WuO4XstYx4Ky9Cewe4DWrel7B0w6VVICvPwdOpotjzcf6eD8TsckVnIMNONQyPIUFOUbCQ==

spark-md5@^3.0.0:
  version "3.0.1"
  resolved "https://registry.yarnpkg.com/spark-md5/-/spark-md5-3.0.1.tgz#83a0e255734f2ab4e5c466e5a2cfc9ba2aa2124d"
  integrity sha512-0tF3AGSD1ppQeuffsLDIOWlKUd3lS92tFxcsrh5Pe3ZphhnoK+oXIBTzOAThZCiuINZLvpiLH/1VS1/ANEJVig==
